
Microsoft Visual Studio Solution File, Format Version 12.00
# Visual Studio 15
VisualStudioVersion = 15.0.28010.2026
MinimumVisualStudioVersion = 10.0.40219.1
Project("{FAE04EC0-301F-11D3-BF4B-00C04F79EFBC}") = "CaliburnMicroSample", "CaliburnMicroSample\CaliburnMicroSample.csproj", "{E8B22809-A898-4B5F-8418-A738F172A19A}"
EndProject
Project("{FAE04EC0-301F-11D3-BF4B-00C04F79EFBC}") = "CustomControlLib", "CustomControlLib\CustomControlLib.csproj", "{98B2A9EC-007F-41F1-B67D-190A53782CF1}"
EndProject
Global
	GlobalSection(SolutionConfigurationPlatforms) = preSolution
		Debug|Any CPU = Debug|Any CPU
		Release|Any CPU = Release|Any CPU
	EndGlobalSection
	GlobalSection(ProjectConfigurationPlatforms) = postSolution
		{E8B22809-A898-4B5F-8418-A738F172A19A}.Debug|Any CPU.ActiveCfg = Debug|Any CPU
		{E8B22809-A898-4B5F-8418-A738F172A19A}.Debug|Any CPU.Build.0 = Debug|Any CPU
		{E8B22809-A898-4B5F-8418-A738F172A19A}.Release|Any CPU.ActiveCfg = Release|Any CPU
		{E8B22809-A898-4B5F-8418-A738F172A19A}.Release|Any CPU.Build.0 = Release|Any CPU
		{98B2A9EC-007F-41F1-B67D-190A53782CF1}.Debug|Any CPU.ActiveCfg = Debug|Any CPU
		{98B2A9EC-007F-41F1-B67D-190A53782CF1}.Debug|Any CPU.Build.0 = Debug|Any CPU
		{98B2A9EC-007F-41F1-B67D-190A53782CF1}.Release|Any CPU.ActiveCfg = Release|Any CPU
		{98B2A9EC-007F-41F1-B67D-190A53782CF1}.Release|Any CPU.Build.0 = Release|Any CPU
	EndGlobalSection
	GlobalSection(SolutionProperties) = preSolution
		HideSolutionNode = FALSE
	EndGlobalSection
	GlobalSection(ExtensibilityGlobals) = postSolution
		SolutionGuid = {6CF5716F-159E-4C94-8BCA-4ACBC86631CB}
	EndGlobalSection
EndGlobal
